// !$*UTF8*$!
{
	archiveVersion = 1;
	classes = {
	};
	objectVersion = 56;
	objects = {

/* Begin PBXBuildFile section */
		C917E6872BBCA4E300E422FF /* string_socialApp.swift in Sources */ = {isa = PBXBuildFile; fileRef = C917E6862BBCA4E300E422FF /* string_socialApp.swift */; };
		C917E6892BBCA4E300E422FF /* ContentView.swift in Sources */ = {isa = PBXBuildFile; fileRef = C917E6882BBCA4E300E422FF /* ContentView.swift */; };
		C917E68B2BBCA4E700E422FF /* Assets.xcassets in Resources */ = {isa = PBXBuildFile; fileRef = C917E68A2BBCA4E700E422FF /* Assets.xcassets */; };
		C917E68E2BBCA4E700E422FF /* Preview Assets.xcassets in Resources */ = {isa = PBXBuildFile; fileRef = C917E68D2BBCA4E700E422FF /* Preview Assets.xcassets */; };
		C917E6902BBCA4E700E422FF /* Persistence.swift in Sources */ = {isa = PBXBuildFile; fileRef = C917E68F2BBCA4E700E422FF /* Persistence.swift */; };
		C917E6932BBCA4E700E422FF /* string_social.xcdatamodeld in Sources */ = {isa = PBXBuildFile; fileRef = C917E6912BBCA4E700E422FF /* string_social.xcdatamodeld */; };
		C917E69D2BBCA4E700E422FF /* string_socialTests.swift in Sources */ = {isa = PBXBuildFile; fileRef = C917E69C2BBCA4E700E422FF /* string_socialTests.swift */; };
		C917E6A72BBCA4E700E422FF /* string_socialUITests.swift in Sources */ = {isa = PBXBuildFile; fileRef = C917E6A62BBCA4E700E422FF /* string_socialUITests.swift */; };
		C917E6A92BBCA4E700E422FF /* string_socialUITestsLaunchTests.swift in Sources */ = {isa = PBXBuildFile; fileRef = C917E6A82BBCA4E700E422FF /* string_socialUITestsLaunchTests.swift */; };
		C917E6B62BBCC35400E422FF /* HomePage.swift in Sources */ = {isa = PBXBuildFile; fileRef = C917E6B52BBCC35400E422FF /* HomePage.swift */; };
		C917E6B82BBDE16E00E422FF /* Profiles.swift in Sources */ = {isa = PBXBuildFile; fileRef = C917E6B72BBDE16E00E422FF /* Profiles.swift */; };
		C917E6BA2BBDE36100E422FF /* Tools.swift in Sources */ = {isa = PBXBuildFile; fileRef = C917E6B92BBDE36100E422FF /* Tools.swift */; };
		C917E6BC2BBDF8D200E422FF /* SocietyMenu.swift in Sources */ = {isa = PBXBuildFile; fileRef = C917E6BB2BBDF8D200E422FF /* SocietyMenu.swift */; };
		C97A3A022BBF8C7600C5CC32 /* SocietyMessagesButton.swift in Sources */ = {isa = PBXBuildFile; fileRef = C97A3A012BBF8C7500C5CC32 /* SocietyMessagesButton.swift */; };
		C97A3A042BBF967C00C5CC32 /* PrimaryContactsButton.swift in Sources */ = {isa = PBXBuildFile; fileRef = C97A3A032BBF967C00C5CC32 /* PrimaryContactsButton.swift */; };
		C97A3A062BBF984A00C5CC32 /* DirectMessageButton.swift in Sources */ = {isa = PBXBuildFile; fileRef = C97A3A052BBF984A00C5CC32 /* DirectMessageButton.swift */; };
		C97A3A0A2BBFB56D00C5CC32 /* ContactsPage.swift in Sources */ = {isa = PBXBuildFile; fileRef = C97A3A092BBFB56D00C5CC32 /* ContactsPage.swift */; };
		C97A3A0C2BBFBCA200C5CC32 /* AddNewContactPage.swift in Sources */ = {isa = PBXBuildFile; fileRef = C97A3A0B2BBFBCA200C5CC32 /* AddNewContactPage.swift */; };
		C97A3A0E2BBFC98B00C5CC32 /* AddSocietyButton.swift in Sources */ = {isa = PBXBuildFile; fileRef = C97A3A0D2BBFC98B00C5CC32 /* AddSocietyButton.swift */; };
		C97A3A102BC07B3100C5CC32 /* DirectMessagesPage.swift in Sources */ = {isa = PBXBuildFile; fileRef = C97A3A0F2BC07B3100C5CC32 /* DirectMessagesPage.swift */; };
		C97A3A122BC7B92500C5CC32 /* AddSocietyPage.swift in Sources */ = {isa = PBXBuildFile; fileRef = C97A3A112BC7B92500C5CC32 /* AddSocietyPage.swift */; };
		C97A3A142BC7C12C00C5CC32 /* SocietyMessagesPage.swift in Sources */ = {isa = PBXBuildFile; fileRef = C97A3A132BC7C12C00C5CC32 /* SocietyMessagesPage.swift */; };
		C97A3A162BC7C1FE00C5CC32 /* Objects.swift in Sources */ = {isa = PBXBuildFile; fileRef = C97A3A152BC7C1FE00C5CC32 /* Objects.swift */; };
/* End PBXBuildFile section */

/* Begin PBXContainerItemProxy section */
		C917E6992BBCA4E700E422FF /* PBXContainerItemProxy */ = {
			isa = PBXContainerItemProxy;
			containerPortal = C917E67B2BBCA4E300E422FF /* Project object */;
			proxyType = 1;
			remoteGlobalIDString = C917E6822BBCA4E300E422FF;
			remoteInfo = string.social;
		};
		C917E6A32BBCA4E700E422FF /* PBXContainerItemProxy */ = {
			isa = PBXContainerItemProxy;
			containerPortal = C917E67B2BBCA4E300E422FF /* Project object */;
			proxyType = 1;
			remoteGlobalIDString = C917E6822BBCA4E300E422FF;
			remoteInfo = string.social;
		};
/* End PBXContainerItemProxy section */

/* Begin PBXFileReference section */
		C917E6832BBCA4E300E422FF /* string.social.app */ = {isa = PBXFileReference; explicitFileType = wrapper.application; includeInIndex = 0; path = string.social.app; sourceTree = BUILT_PRODUCTS_DIR; };
		C917E6862BBCA4E300E422FF /* string_socialApp.swift */ = {isa = PBXFileReference; lastKnownFileType = sourcecode.swift; path = string_socialApp.swift; sourceTree = "<group>"; };
		C917E6882BBCA4E300E422FF /* ContentView.swift */ = {isa = PBXFileReference; lastKnownFileType = sourcecode.swift; path = ContentView.swift; sourceTree = "<group>"; };
		C917E68A2BBCA4E700E422FF /* Assets.xcassets */ = {isa = PBXFileReference; lastKnownFileType = folder.assetcatalog; path = Assets.xcassets; sourceTree = "<group>"; };
		C917E68D2BBCA4E700E422FF /* Preview Assets.xcassets */ = {isa = PBXFileReference; lastKnownFileType = folder.assetcatalog; path = "Preview Assets.xcassets"; sourceTree = "<group>"; };
		C917E68F2BBCA4E700E422FF /* Persistence.swift */ = {isa = PBXFileReference; lastKnownFileType = sourcecode.swift; path = Persistence.swift; sourceTree = "<group>"; };
		C917E6922BBCA4E700E422FF /* string_social.xcdatamodel */ = {isa = PBXFileReference; lastKnownFileType = wrapper.xcdatamodel; path = string_social.xcdatamodel; sourceTree = "<group>"; };
		C917E6982BBCA4E700E422FF /* string.socialTests.xctest */ = {isa = PBXFileReference; explicitFileType = wrapper.cfbundle; includeInIndex = 0; path = string.socialTests.xctest; sourceTree = BUILT_PRODUCTS_DIR; };
		C917E69C2BBCA4E700E422FF /* string_socialTests.swift */ = {isa = PBXFileReference; lastKnownFileType = sourcecode.swift; path = string_socialTests.swift; sourceTree = "<group>"; };
		C917E6A22BBCA4E700E422FF /* string.socialUITests.xctest */ = {isa = PBXFileReference; explicitFileType = wrapper.cfbundle; includeInIndex = 0; path = string.socialUITests.xctest; sourceTree = BUILT_PRODUCTS_DIR; };
		C917E6A62BBCA4E700E422FF /* string_socialUITests.swift */ = {isa = PBXFileReference; lastKnownFileType = sourcecode.swift; path = string_socialUITests.swift; sourceTree = "<group>"; };
		C917E6A82BBCA4E700E422FF /* string_socialUITestsLaunchTests.swift */ = {isa = PBXFileReference; lastKnownFileType = sourcecode.swift; path = string_socialUITestsLaunchTests.swift; sourceTree = "<group>"; };
		C917E6B52BBCC35400E422FF /* HomePage.swift */ = {isa = PBXFileReference; lastKnownFileType = sourcecode.swift; name = HomePage.swift; path = /Users/sakshamgupta/Documents/string.social/string.social/HomePage.swift; sourceTree = "<absolute>"; };
		C917E6B72BBDE16E00E422FF /* Profiles.swift */ = {isa = PBXFileReference; lastKnownFileType = sourcecode.swift; path = Profiles.swift; sourceTree = "<group>"; };
		C917E6B92BBDE36100E422FF /* Tools.swift */ = {isa = PBXFileReference; lastKnownFileType = sourcecode.swift; path = Tools.swift; sourceTree = "<group>"; };
		C917E6BB2BBDF8D200E422FF /* SocietyMenu.swift */ = {isa = PBXFileReference; lastKnownFileType = sourcecode.swift; path = SocietyMenu.swift; sourceTree = "<group>"; };
		C97A3A012BBF8C7500C5CC32 /* SocietyMessagesButton.swift */ = {isa = PBXFileReference; lastKnownFileType = sourcecode.swift; path = SocietyMessagesButton.swift; sourceTree = "<group>"; };
		C97A3A032BBF967C00C5CC32 /* PrimaryContactsButton.swift */ = {isa = PBXFileReference; lastKnownFileType = sourcecode.swift; path = PrimaryContactsButton.swift; sourceTree = "<group>"; };
		C97A3A052BBF984A00C5CC32 /* DirectMessageButton.swift */ = {isa = PBXFileReference; lastKnownFileType = sourcecode.swift; path = DirectMessageButton.swift; sourceTree = "<group>"; };
		C97A3A092BBFB56D00C5CC32 /* ContactsPage.swift */ = {isa = PBXFileReference; lastKnownFileType = sourcecode.swift; path = ContactsPage.swift; sourceTree = "<group>"; };
		C97A3A0B2BBFBCA200C5CC32 /* AddNewContactPage.swift */ = {isa = PBXFileReference; lastKnownFileType = sourcecode.swift; path = AddNewContactPage.swift; sourceTree = "<group>"; };
		C97A3A0D2BBFC98B00C5CC32 /* AddSocietyButton.swift */ = {isa = PBXFileReference; lastKnownFileType = sourcecode.swift; path = AddSocietyButton.swift; sourceTree = "<group>"; };
		C97A3A0F2BC07B3100C5CC32 /* DirectMessagesPage.swift */ = {isa = PBXFileReference; lastKnownFileType = sourcecode.swift; path = DirectMessagesPage.swift; sourceTree = "<group>"; };
		C97A3A112BC7B92500C5CC32 /* AddSocietyPage.swift */ = {isa = PBXFileReference; lastKnownFileType = sourcecode.swift; path = AddSocietyPage.swift; sourceTree = "<group>"; };
		C97A3A132BC7C12C00C5CC32 /* SocietyMessagesPage.swift */ = {isa = PBXFileReference; lastKnownFileType = sourcecode.swift; path = SocietyMessagesPage.swift; sourceTree = "<group>"; };
		C97A3A152BC7C1FE00C5CC32 /* Objects.swift */ = {isa = PBXFileReference; lastKnownFileType = sourcecode.swift; path = Objects.swift; sourceTree = "<group>"; };
/* End PBXFileReference section */

/* Begin PBXFrameworksBuildPhase section */
		C917E6802BBCA4E300E422FF /* Frameworks */ = {
			isa = PBXFrameworksBuildPhase;
			buildActionMask = 2147483647;
			files = (
			);
			runOnlyForDeploymentPostprocessing = 0;
		};
		C917E6952BBCA4E700E422FF /* Frameworks */ = {
			isa = PBXFrameworksBuildPhase;
			buildActionMask = 2147483647;
			files = (
			);
			runOnlyForDeploymentPostprocessing = 0;
		};
		C917E69F2BBCA4E700E422FF /* Frameworks */ = {
			isa = PBXFrameworksBuildPhase;
			buildActionMask = 2147483647;
			files = (
			);
			runOnlyForDeploymentPostprocessing = 0;
		};
/* End PBXFrameworksBuildPhase section */

/* Begin PBXGroup section */
		C917E67A2BBCA4E300E422FF = {
			isa = PBXGroup;
			children = (
				C917E6852BBCA4E300E422FF /* string.social */,
				C917E69B2BBCA4E700E422FF /* string.socialTests */,
				C917E6A52BBCA4E700E422FF /* string.socialUITests */,
				C917E6842BBCA4E300E422FF /* Products */,
			);
			sourceTree = "<group>";
		};
		C917E6842BBCA4E300E422FF /* Products */ = {
			isa = PBXGroup;
			children = (
				C917E6832BBCA4E300E422FF /* string.social.app */,
				C917E6982BBCA4E700E422FF /* string.socialTests.xctest */,
				C917E6A22BBCA4E700E422FF /* string.socialUITests.xctest */,
			);
			name = Products;
			sourceTree = "<group>";
		};
		C917E6852BBCA4E300E422FF /* string.social */ = {
			isa = PBXGroup;
			children = (
				C917E6862BBCA4E300E422FF /* string_socialApp.swift */,
				C917E6882BBCA4E300E422FF /* ContentView.swift */,
				C917E68A2BBCA4E700E422FF /* Assets.xcassets */,
				C917E68F2BBCA4E700E422FF /* Persistence.swift */,
				C917E6912BBCA4E700E422FF /* string_social.xcdatamodeld */,
				C917E68C2BBCA4E700E422FF /* Preview Content */,
				C917E6B52BBCC35400E422FF /* HomePage.swift */,
				C917E6B72BBDE16E00E422FF /* Profiles.swift */,
				C917E6B92BBDE36100E422FF /* Tools.swift */,
				C917E6BB2BBDF8D200E422FF /* SocietyMenu.swift */,
				C97A3A012BBF8C7500C5CC32 /* SocietyMessagesButton.swift */,
				C97A3A032BBF967C00C5CC32 /* PrimaryContactsButton.swift */,
				C97A3A052BBF984A00C5CC32 /* DirectMessageButton.swift */,
				C97A3A092BBFB56D00C5CC32 /* ContactsPage.swift */,
				C97A3A0B2BBFBCA200C5CC32 /* AddNewContactPage.swift */,
				C97A3A0D2BBFC98B00C5CC32 /* AddSocietyButton.swift */,
				C97A3A0F2BC07B3100C5CC32 /* DirectMessagesPage.swift */,
				C97A3A112BC7B92500C5CC32 /* AddSocietyPage.swift */,
				C97A3A132BC7C12C00C5CC32 /* SocietyMessagesPage.swift */,
				C97A3A152BC7C1FE00C5CC32 /* Objects.swift */,
			);
			path = string.social;
			sourceTree = "<group>";
		};
		C917E68C2BBCA4E700E422FF /* Preview Content */ = {
			isa = PBXGroup;
			children = (
				C917E68D2BBCA4E700E422FF /* Preview Assets.xcassets */,
			);
			path = "Preview Content";
			sourceTree = "<group>";
		};
		C917E69B2BBCA4E700E422FF /* string.socialTests */ = {
			isa = PBXGroup;
			children = (
				C917E69C2BBCA4E700E422FF /* string_socialTests.swift */,
			);
			path = string.socialTests;
			sourceTree = "<group>";
		};
		C917E6A52BBCA4E700E422FF /* string.socialUITests */ = {
			isa = PBXGroup;
			children = (
				C917E6A62BBCA4E700E422FF /* string_socialUITests.swift */,
				C917E6A82BBCA4E700E422FF /* string_socialUITestsLaunchTests.swift */,
			);
			path = string.socialUITests;
			sourceTree = "<group>";
		};
/* End PBXGroup section */

/* Begin PBXNativeTarget section */
		C917E6822BBCA4E300E422FF /* string.social */ = {
			isa = PBXNativeTarget;
			buildConfigurationList = C917E6AC2BBCA4E700E422FF /* Build configuration list for PBXNativeTarget "string.social" */;
			buildPhases = (
				C917E67F2BBCA4E300E422FF /* Sources */,
				C917E6802BBCA4E300E422FF /* Frameworks */,
				C917E6812BBCA4E300E422FF /* Resources */,
			);
			buildRules = (
			);
			dependencies = (
			);
			name = string.social;
			productName = string.social;
			productReference = C917E6832BBCA4E300E422FF /* string.social.app */;
			productType = "com.apple.product-type.application";
		};
		C917E6972BBCA4E700E422FF /* string.socialTests */ = {
			isa = PBXNativeTarget;
			buildConfigurationList = C917E6AF2BBCA4E700E422FF /* Build configuration list for PBXNativeTarget "string.socialTests" */;
			buildPhases = (
				C917E6942BBCA4E700E422FF /* Sources */,
				C917E6952BBCA4E700E422FF /* Frameworks */,
				C917E6962BBCA4E700E422FF /* Resources */,
			);
			buildRules = (
			);
			dependencies = (
				C917E69A2BBCA4E700E422FF /* PBXTargetDependency */,
			);
			name = string.socialTests;
			productName = string.socialTests;
			productReference = C917E6982BBCA4E700E422FF /* string.socialTests.xctest */;
			productType = "com.apple.product-type.bundle.unit-test";
		};
		C917E6A12BBCA4E700E422FF /* string.socialUITests */ = {
			isa = PBXNativeTarget;
			buildConfigurationList = C917E6B22BBCA4E700E422FF /* Build configuration list for PBXNativeTarget "string.socialUITests" */;
			buildPhases = (
				C917E69E2BBCA4E700E422FF /* Sources */,
				C917E69F2BBCA4E700E422FF /* Frameworks */,
				C917E6A02BBCA4E700E422FF /* Resources */,
			);
			buildRules = (
			);
			dependencies = (
				C917E6A42BBCA4E700E422FF /* PBXTargetDependency */,
			);
			name = string.socialUITests;
			productName = string.socialUITests;
			productReference = C917E6A22BBCA4E700E422FF /* string.socialUITests.xctest */;
			productType = "com.apple.product-type.bundle.ui-testing";
		};
/* End PBXNativeTarget section */

/* Begin PBXProject section */
		C917E67B2BBCA4E300E422FF /* Project object */ = {
			isa = PBXProject;
			attributes = {
				BuildIndependentTargetsInParallel = 1;
				LastSwiftUpdateCheck = 1530;
				LastUpgradeCheck = 1530;
				TargetAttributes = {
					C917E6822BBCA4E300E422FF = {
						CreatedOnToolsVersion = 15.3;
					};
					C917E6972BBCA4E700E422FF = {
						CreatedOnToolsVersion = 15.3;
						TestTargetID = C917E6822BBCA4E300E422FF;
					};
					C917E6A12BBCA4E700E422FF = {
						CreatedOnToolsVersion = 15.3;
						TestTargetID = C917E6822BBCA4E300E422FF;
					};
				};
			};
			buildConfigurationList = C917E67E2BBCA4E300E422FF /* Build configuration list for PBXProject "string.social" */;
			compatibilityVersion = "Xcode 14.0";
			developmentRegion = en;
			hasScannedForEncodings = 0;
			knownRegions = (
				en,
				Base,
			);
			mainGroup = C917E67A2BBCA4E300E422FF;
			productRefGroup = C917E6842BBCA4E300E422FF /* Products */;
			projectDirPath = "";
			projectRoot = "";
			targets = (
				C917E6822BBCA4E300E422FF /* string.social */,
				C917E6972BBCA4E700E422FF /* string.socialTests */,
				C917E6A12BBCA4E700E422FF /* string.socialUITests */,
			);
		};
/* End PBXProject section */

/* Begin PBXResourcesBuildPhase section */
		C917E6812BBCA4E300E422FF /* Resources */ = {
			isa = PBXResourcesBuildPhase;
			buildActionMask = 2147483647;
			files = (
				C917E68E2BBCA4E700E422FF /* Preview Assets.xcassets in Resources */,
				C917E68B2BBCA4E700E422FF /* Assets.xcassets in Resources */,
			);
			runOnlyForDeploymentPostprocessing = 0;
		};
		C917E6962BBCA4E700E422FF /* Resources */ = {
			isa = PBXResourcesBuildPhase;
			buildActionMask = 2147483647;
			files = (
			);
			runOnlyForDeploymentPostprocessing = 0;
		};
		C917E6A02BBCA4E700E422FF /* Resources */ = {
			isa = PBXResourcesBuildPhase;
			buildActionMask = 2147483647;
			files = (
			);
			runOnlyForDeploymentPostprocessing = 0;
		};
/* End PBXResourcesBuildPhase section */

/* Begin PBXSourcesBuildPhase section */
		C917E67F2BBCA4E300E422FF /* Sources */ = {
			isa = PBXSourcesBuildPhase;
			buildActionMask = 2147483647;
			files = (
				C97A3A102BC07B3100C5CC32 /* DirectMessagesPage.swift in Sources */,
				C97A3A022BBF8C7600C5CC32 /* SocietyMessagesButton.swift in Sources */,
				C917E6B62BBCC35400E422FF /* HomePage.swift in Sources */,
				C917E6BC2BBDF8D200E422FF /* SocietyMenu.swift in Sources */,
				C97A3A162BC7C1FE00C5CC32 /* Objects.swift in Sources */,
				C917E6902BBCA4E700E422FF /* Persistence.swift in Sources */,
				C97A3A122BC7B92500C5CC32 /* AddSocietyPage.swift in Sources */,
				C97A3A0C2BBFBCA200C5CC32 /* AddNewContactPage.swift in Sources */,
				C917E6892BBCA4E300E422FF /* ContentView.swift in Sources */,
				C917E6B82BBDE16E00E422FF /* Profiles.swift in Sources */,
				C917E6BA2BBDE36100E422FF /* Tools.swift in Sources */,
				C97A3A0E2BBFC98B00C5CC32 /* AddSocietyButton.swift in Sources */,
				C97A3A042BBF967C00C5CC32 /* PrimaryContactsButton.swift in Sources */,
				C917E6872BBCA4E300E422FF /* string_socialApp.swift in Sources */,
				C97A3A0A2BBFB56D00C5CC32 /* ContactsPage.swift in Sources */,
				C917E6932BBCA4E700E422FF /* string_social.xcdatamodeld in Sources */,
				C97A3A062BBF984A00C5CC32 /* DirectMessageButton.swift in Sources */,
				C97A3A142BC7C12C00C5CC32 /* SocietyMessagesPage.swift in Sources */,
			);
			runOnlyForDeploymentPostprocessing = 0;
		};
		C917E6942BBCA4E700E422FF /* Sources */ = {
			isa = PBXSourcesBuildPhase;
			buildActionMask = 2147483647;
			files = (
				C917E69D2BBCA4E700E422FF /* string_socialTests.swift in Sources */,
			);
			runOnlyForDeploymentPostprocessing = 0;
		};
		C917E69E2BBCA4E700E422FF /* Sources */ = {
			isa = PBXSourcesBuildPhase;
			buildActionMask = 2147483647;
			files = (
				C917E6A92BBCA4E700E422FF /* string_socialUITestsLaunchTests.swift in Sources */,
				C917E6A72BBCA4E700E422FF /* string_socialUITests.swift in Sources */,
			);
			runOnlyForDeploymentPostprocessing = 0;
		};
/* End PBXSourcesBuildPhase section */

/* Begin PBXTargetDependency section */
		C917E69A2BBCA4E700E422FF /* PBXTargetDependency */ = {
			isa = PBXTargetDependency;
			target = C917E6822BBCA4E300E422FF /* string.social */;
			targetProxy = C917E6992BBCA4E700E422FF /* PBXContainerItemProxy */;
		};
		C917E6A42BBCA4E700E422FF /* PBXTargetDependency */ = {
			isa = PBXTargetDependency;
			target = C917E6822BBCA4E300E422FF /* string.social */;
			targetProxy = C917E6A32BBCA4E700E422FF /* PBXContainerItemProxy */;
		};
/* End PBXTargetDependency section */

/* Begin XCBuildConfiguration section */
		C917E6AA2BBCA4E700E422FF /* Debug */ = {
			isa = XCBuildConfiguration;
			buildSettings = {
				ALWAYS_SEARCH_USER_PATHS = NO;
				ASSETCATALOG_COMPILER_GENERATE_SWIFT_ASSET_SYMBOL_EXTENSIONS = YES;
				CLANG_ANALYZER_NONNULL = YES;
				CLANG_ANALYZER_NUMBER_OBJECT_CONVERSION = YES_AGGRESSIVE;
				CLANG_CXX_LANGUAGE_STANDARD = "gnu++20";
				CLANG_ENABLE_MODULES = YES;
				CLANG_ENABLE_OBJC_ARC = YES;
				CLANG_ENABLE_OBJC_WEAK = YES;
				CLANG_WARN_BLOCK_CAPTURE_AUTORELEASING = YES;
				CLANG_WARN_BOOL_CONVERSION = YES;
				CLANG_WARN_COMMA = YES;
				CLANG_WARN_CONSTANT_CONVERSION = YES;
				CLANG_WARN_DEPRECATED_OBJC_IMPLEMENTATIONS = YES;
				CLANG_WARN_DIRECT_OBJC_ISA_USAGE = YES_ERROR;
				CLANG_WARN_DOCUMENTATION_COMMENTS = YES;
				CLANG_WARN_EMPTY_BODY = YES;
				CLANG_WARN_ENUM_CONVERSION = YES;
				CLANG_WARN_INFINITE_RECURSION = YES;
				CLANG_WARN_INT_CONVERSION = YES;
				CLANG_WARN_NON_LITERAL_NULL_CONVERSION = YES;
				CLANG_WARN_OBJC_IMPLICIT_RETAIN_SELF = YES;
				CLANG_WARN_OBJC_LITERAL_CONVERSION = YES;
				CLANG_WARN_OBJC_ROOT_CLASS = YES_ERROR;
				CLANG_WARN_QUOTED_INCLUDE_IN_FRAMEWORK_HEADER = YES;
				CLANG_WARN_RANGE_LOOP_ANALYSIS = YES;
				CLANG_WARN_STRICT_PROTOTYPES = YES;
				CLANG_WARN_SUSPICIOUS_MOVE = YES;
				CLANG_WARN_UNGUARDED_AVAILABILITY = YES_AGGRESSIVE;
				CLANG_WARN_UNREACHABLE_CODE = YES;
				CLANG_WARN__DUPLICATE_METHOD_MATCH = YES;
				COPY_PHASE_STRIP = NO;
				DEBUG_INFORMATION_FORMAT = dwarf;
				ENABLE_STRICT_OBJC_MSGSEND = YES;
				ENABLE_TESTABILITY = YES;
				ENABLE_USER_SCRIPT_SANDBOXING = YES;
				GCC_C_LANGUAGE_STANDARD = gnu17;
				GCC_DYNAMIC_NO_PIC = NO;
				GCC_NO_COMMON_BLOCKS = YES;
				GCC_OPTIMIZATION_LEVEL = 0;
				GCC_PREPROCESSOR_DEFINITIONS = (
					"DEBUG=1",
					"$(inherited)",
				);
				GCC_WARN_64_TO_32_BIT_CONVERSION = YES;
				GCC_WARN_ABOUT_RETURN_TYPE = YES_ERROR;
				GCC_WARN_UNDECLARED_SELECTOR = YES;
				GCC_WARN_UNINITIALIZED_AUTOS = YES_AGGRESSIVE;
				GCC_WARN_UNUSED_FUNCTION = YES;
				GCC_WARN_UNUSED_VARIABLE = YES;
				IPHONEOS_DEPLOYMENT_TARGET = 17.4;
				LOCALIZATION_PREFERS_STRING_CATALOGS = YES;
				MTL_ENABLE_DEBUG_INFO = INCLUDE_SOURCE;
				MTL_FAST_MATH = YES;
				ONLY_ACTIVE_ARCH = YES;
				SDKROOT = iphoneos;
				SWIFT_ACTIVE_COMPILATION_CONDITIONS = "DEBUG $(inherited)";
				SWIFT_OPTIMIZATION_LEVEL = "-Onone";
			};
			name = Debug;
		};
		C917E6AB2BBCA4E700E422FF /* Release */ = {
			isa = XCBuildConfiguration;
			buildSettings = {
				ALWAYS_SEARCH_USER_PATHS = NO;
				ASSETCATALOG_COMPILER_GENERATE_SWIFT_ASSET_SYMBOL_EXTENSIONS = YES;
				CLANG_ANALYZER_NONNULL = YES;
				CLANG_ANALYZER_NUMBER_OBJECT_CONVERSION = YES_AGGRESSIVE;
				CLANG_CXX_LANGUAGE_STANDARD = "gnu++20";
				CLANG_ENABLE_MODULES = YES;
				CLANG_ENABLE_OBJC_ARC = YES;
				CLANG_ENABLE_OBJC_WEAK = YES;
				CLANG_WARN_BLOCK_CAPTURE_AUTORELEASING = YES;
				CLANG_WARN_BOOL_CONVERSION = YES;
				CLANG_WARN_COMMA = YES;
				CLANG_WARN_CONSTANT_CONVERSION = YES;
				CLANG_WARN_DEPRECATED_OBJC_IMPLEMENTATIONS = YES;
				CLANG_WARN_DIRECT_OBJC_ISA_USAGE = YES_ERROR;
				CLANG_WARN_DOCUMENTATION_COMMENTS = YES;
				CLANG_WARN_EMPTY_BODY = YES;
				CLANG_WARN_ENUM_CONVERSION = YES;
				CLANG_WARN_INFINITE_RECURSION = YES;
				CLANG_WARN_INT_CONVERSION = YES;
				CLANG_WARN_NON_LITERAL_NULL_CONVERSION = YES;
				CLANG_WARN_OBJC_IMPLICIT_RETAIN_SELF = YES;
				CLANG_WARN_OBJC_LITERAL_CONVERSION = YES;
				CLANG_WARN_OBJC_ROOT_CLASS = YES_ERROR;
				CLANG_WARN_QUOTED_INCLUDE_IN_FRAMEWORK_HEADER = YES;
				CLANG_WARN_RANGE_LOOP_ANALYSIS = YES;
				CLANG_WARN_STRICT_PROTOTYPES = YES;
				CLANG_WARN_SUSPICIOUS_MOVE = YES;
				CLANG_WARN_UNGUARDED_AVAILABILITY = YES_AGGRESSIVE;
				CLANG_WARN_UNREACHABLE_CODE = YES;
				CLANG_WARN__DUPLICATE_METHOD_MATCH = YES;
				COPY_PHASE_STRIP = NO;
				DEBUG_INFORMATION_FORMAT = "dwarf-with-dsym";
				ENABLE_NS_ASSERTIONS = NO;
				ENABLE_STRICT_OBJC_MSGSEND = YES;
				ENABLE_USER_SCRIPT_SANDBOXING = YES;
				GCC_C_LANGUAGE_STANDARD = gnu17;
				GCC_NO_COMMON_BLOCKS = YES;
				GCC_WARN_64_TO_32_BIT_CONVERSION = YES;
				GCC_WARN_ABOUT_RETURN_TYPE = YES_ERROR;
				GCC_WARN_UNDECLARED_SELECTOR = YES;
				GCC_WARN_UNINITIALIZED_AUTOS = YES_AGGRESSIVE;
				GCC_WARN_UNUSED_FUNCTION = YES;
				GCC_WARN_UNUSED_VARIABLE = YES;
				IPHONEOS_DEPLOYMENT_TARGET = 17.4;
				LOCALIZATION_PREFERS_STRING_CATALOGS = YES;
				MTL_ENABLE_DEBUG_INFO = NO;
				MTL_FAST_MATH = YES;
				SDKROOT = iphoneos;
				SWIFT_COMPILATION_MODE = wholemodule;
				VALIDATE_PRODUCT = YES;
			};
			name = Release;
		};
		C917E6AD2BBCA4E700E422FF /* Debug */ = {
			isa = XCBuildConfiguration;
			buildSettings = {
				ASSETCATALOG_COMPILER_APPICON_NAME = AppIcon;
				ASSETCATALOG_COMPILER_GLOBAL_ACCENT_COLOR_NAME = AccentColor;
				CODE_SIGN_STYLE = Automatic;
				CURRENT_PROJECT_VERSION = 1;
				DEVELOPMENT_ASSET_PATHS = "\"string.social/Preview Content\"";
				DEVELOPMENT_TEAM = 834PQ5HBC5;
				ENABLE_PREVIEWS = YES;
				GENERATE_INFOPLIST_FILE = YES;
				INFOPLIST_KEY_UIApplicationSceneManifest_Generation = YES;
				INFOPLIST_KEY_UIApplicationSupportsIndirectInputEvents = YES;
				INFOPLIST_KEY_UILaunchScreen_Generation = YES;
				INFOPLIST_KEY_UISupportedInterfaceOrientations_iPad = "UIInterfaceOrientationPortrait UIInterfaceOrientationPortraitUpsideDown UIInterfaceOrientationLandscapeLeft UIInterfaceOrientationLandscapeRight";
				INFOPLIST_KEY_UISupportedInterfaceOrientations_iPhone = "UIInterfaceOrientationPortrait UIInterfaceOrientationLandscapeLeft UIInterfaceOrientationLandscapeRight";
				LD_RUNPATH_SEARCH_PATHS = (
					"$(inherited)",
					"@executable_path/Frameworks",
				);
				MARKETING_VERSION = 1.0;
				PRODUCT_BUNDLE_IDENTIFIER = "saksham.string-social";
				PRODUCT_NAME = "$(TARGET_NAME)";
				SWIFT_EMIT_LOC_STRINGS = YES;
				SWIFT_VERSION = 5.0;
				TARGETED_DEVICE_FAMILY = "1,2";
			};
			name = Debug;
		};
		C917E6AE2BBCA4E700E422FF /* Release */ = {
			isa = XCBuildConfiguration;
			buildSettings = {
				ASSETCATALOG_COMPILER_APPICON_NAME = AppIcon;
				ASSETCATALOG_COMPILER_GLOBAL_ACCENT_COLOR_NAME = AccentColor;
				CODE_SIGN_STYLE = Automatic;
				CURRENT_PROJECT_VERSION = 1;
				DEVELOPMENT_ASSET_PATHS = "\"string.social/Preview Content\"";
				DEVELOPMENT_TEAM = 834PQ5HBC5;
				ENABLE_PREVIEWS = YES;
				GENERATE_INFOPLIST_FILE = YES;
				INFOPLIST_KEY_UIApplicationSceneManifest_Generation = YES;
				INFOPLIST_KEY_UIApplicationSupportsIndirectInputEvents = YES;
				INFOPLIST_KEY_UILaunchScreen_Generation = YES;
				INFOPLIST_KEY_UISupportedInterfaceOrientations_iPad = "UIInterfaceOrientationPortrait UIInterfaceOrientationPortraitUpsideDown UIInterfaceOrientationLandscapeLeft UIInterfaceOrientationLandscapeRight";
				INFOPLIST_KEY_UISupportedInterfaceOrientations_iPhone = "UIInterfaceOrientationPortrait UIInterfaceOrientationLandscapeLeft UIInterfaceOrientationLandscapeRight";
				LD_RUNPATH_SEARCH_PATHS = (
					"$(inherited)",
					"@executable_path/Frameworks",
				);
				MARKETING_VERSION = 1.0;
				PRODUCT_BUNDLE_IDENTIFIER = "saksham.string-social";
				PRODUCT_NAME = "$(TARGET_NAME)";
				SWIFT_EMIT_LOC_STRINGS = YES;
				SWIFT_VERSION = 5.0;
				TARGETED_DEVICE_FAMILY = "1,2";
			};
			name = Release;
		};
		C917E6B02BBCA4E700E422FF /* Debug */ = {
			isa = XCBuildConfiguration;
			buildSettings = {
				ALWAYS_EMBED_SWIFT_STANDARD_LIBRARIES = YES;
				BUNDLE_LOADER = "$(TEST_HOST)";
				CODE_SIGN_STYLE = Automatic;
				CURRENT_PROJECT_VERSION = 1;
				DEVELOPMENT_TEAM = 834PQ5HBC5;
				GENERATE_INFOPLIST_FILE = YES;
				IPHONEOS_DEPLOYMENT_TARGET = 17.4;
				MARKETING_VERSION = 1.0;
				PRODUCT_BUNDLE_IDENTIFIER = "saksham.string-socialTests";
				PRODUCT_NAME = "$(TARGET_NAME)";
				SWIFT_EMIT_LOC_STRINGS = NO;
				SWIFT_VERSION = 5.0;
				TARGETED_DEVICE_FAMILY = "1,2";
				TEST_HOST = "$(BUILT_PRODUCTS_DIR)/string.social.app/$(BUNDLE_EXECUTABLE_FOLDER_PATH)/string.social";
			};
			name = Debug;
		};
		C917E6B12BBCA4E700E422FF /* Release */ = {
			isa = XCBuildConfiguration;
			buildSettings = {
				ALWAYS_EMBED_SWIFT_STANDARD_LIBRARIES = YES;
				BUNDLE_LOADER = "$(TEST_HOST)";
				CODE_SIGN_STYLE = Automatic;
				CURRENT_PROJECT_VERSION = 1;
				DEVELOPMENT_TEAM = 834PQ5HBC5;
				GENERATE_INFOPLIST_FILE = YES;
				IPHONEOS_DEPLOYMENT_TARGET = 17.4;
				MARKETING_VERSION = 1.0;
				PRODUCT_BUNDLE_IDENTIFIER = "saksham.string-socialTests";
				PRODUCT_NAME = "$(TARGET_NAME)";
				SWIFT_EMIT_LOC_STRINGS = NO;
				SWIFT_VERSION = 5.0;
				TARGETED_DEVICE_FAMILY = "1,2";
				TEST_HOST = "$(BUILT_PRODUCTS_DIR)/string.social.app/$(BUNDLE_EXECUTABLE_FOLDER_PATH)/string.social";
			};
			name = Release;
		};
		C917E6B32BBCA4E700E422FF /* Debug */ = {
			isa = XCBuildConfiguration;
			buildSettings = {
				ALWAYS_EMBED_SWIFT_STANDARD_LIBRARIES = YES;
				CODE_SIGN_STYLE = Automatic;
				CURRENT_PROJECT_VERSION = 1;
				DEVELOPMENT_TEAM = 834PQ5HBC5;
				GENERATE_INFOPLIST_FILE = YES;
				MARKETING_VERSION = 1.0;
				PRODUCT_BUNDLE_IDENTIFIER = "saksham.string-socialUITests";
				PRODUCT_NAME = "$(TARGET_NAME)";
				SWIFT_EMIT_LOC_STRINGS = NO;
				SWIFT_VERSION = 5.0;
				TARGETED_DEVICE_FAMILY = "1,2";
				TEST_TARGET_NAME = string.social;
			};
			name = Debug;
		};
		C917E6B42BBCA4E700E422FF /* Release */ = {
			isa = XCBuildConfiguration;
			buildSettings = {
				ALWAYS_EMBED_SWIFT_STANDARD_LIBRARIES = YES;
				CODE_SIGN_STYLE = Automatic;
				CURRENT_PROJECT_VERSION = 1;
				DEVELOPMENT_TEAM = 834PQ5HBC5;
				GENERATE_INFOPLIST_FILE = YES;
				MARKETING_VERSION = 1.0;
				PRODUCT_BUNDLE_IDENTIFIER = "saksham.string-socialUITests";
				PRODUCT_NAME = "$(TARGET_NAME)";
				SWIFT_EMIT_LOC_STRINGS = NO;
				SWIFT_VERSION = 5.0;
				TARGETED_DEVICE_FAMILY = "1,2";
				TEST_TARGET_NAME = string.social;
			};
			name = Release;
		};
/* End XCBuildConfiguration section */

/* Begin XCConfigurationList section */
		C917E67E2BBCA4E300E422FF /* Build configuration list for PBXProject "string.social" */ = {
			isa = XCConfigurationList;
			buildConfigurations = (
				C917E6AA2BBCA4E700E422FF /* Debug */,
				C917E6AB2BBCA4E700E422FF /* Release */,
			);
			defaultConfigurationIsVisible = 0;
			defaultConfigurationName = Release;
		};
		C917E6AC2BBCA4E700E422FF /* Build configuration list for PBXNativeTarget "string.social" */ = {
			isa = XCConfigurationList;
			buildConfigurations = (
				C917E6AD2BBCA4E700E422FF /* Debug */,
				C917E6AE2BBCA4E700E422FF /* Release */,
			);
			defaultConfigurationIsVisible = 0;
			defaultConfigurationName = Release;
		};
		C917E6AF2BBCA4E700E422FF /* Build configuration list for PBXNativeTarget "string.socialTests" */ = {
			isa = XCConfigurationList;
			buildConfigurations = (
				C917E6B02BBCA4E700E422FF /* Debug */,
				C917E6B12BBCA4E700E422FF /* Release */,
			);
			defaultConfigurationIsVisible = 0;
			defaultConfigurationName = Release;
		};
		C917E6B22BBCA4E700E422FF /* Build configuration list for PBXNativeTarget "string.socialUITests" */ = {
			isa = XCConfigurationList;
			buildConfigurations = (
				C917E6B32BBCA4E700E422FF /* Debug */,
				C917E6B42BBCA4E700E422FF /* Release */,
			);
			defaultConfigurationIsVisible = 0;
			defaultConfigurationName = Release;
		};
/* End XCConfigurationList section */

/* Begin XCVersionGroup section */
		C917E6912BBCA4E700E422FF /* string_social.xcdatamodeld */ = {
			isa = XCVersionGroup;
			children = (
				C917E6922BBCA4E700E422FF /* string_social.xcdatamodel */,
			);
			currentVersion = C917E6922BBCA4E700E422FF /* string_social.xcdatamodel */;
			path = string_social.xcdatamodeld;
			sourceTree = "<group>";
			versionGroupType = wrapper.xcdatamodel;
		};
/* End XCVersionGroup section */
	};
	rootObject = C917E67B2BBCA4E300E422FF /* Project object */;
}
